hash: ca08499848f284900f28fa0580fdfefd5956dfa7787531a1c103fbbb5715456f
updated: 2019-02-08T11:16:21.221739239-07:00
imports:
- name: code.cloudfoundry.org/systemcerts
  version: ca00b2f806f2fa1ded784ade357bad1ea3f1fbbe
- name: github.com/anmitsu/go-shlex
  version: 648efa622239a2f6ff949fed78ee37b48d499ba4
- name: github.com/apex/log
  version: d6c5facec1f2ae23a97782ab0ee18af58734346f
- name: github.com/beorn7/perks
  version: 3a771d992973f24aa725d07868b467d1ddfceafb
  subpackages:
  - quantile
- name: github.com/blang/semver
  version: b38d23b8782a487059e8fc8773e9a5b228a77cb6
- name: github.com/boltdb/bolt
  version: fd01fc79c553a8e99d512a07e8e0c63d4a3ccfc5
- name: github.com/BurntSushi/toml
  version: 3012a1dbe2e4bd1391d42b32f0577cb7bbc7f005
- name: github.com/cheggaaa/pb
  version: 1cc5bbe20449079337944d56292c7383510c534c
- name: github.com/containerd/continuity
  version: 004b46473808b3e7a4a3049c20e4376c91eb966d
  subpackages:
  - pathdriver
- name: github.com/containers/image
  version: 4629bcc4825fa2b79243261c2ad73e6d6da7d4b4
  subpackages:
  - copy
  - directory/explicitfilepath
  - docker
  - docker/policyconfiguration
  - docker/reference
  - image
  - manifest
  - oci/internal
  - oci/layout
  - pkg/blobinfocache
  - pkg/compression
  - pkg/docker/config
  - pkg/strslice
  - pkg/sysregistriesv2
  - pkg/tlsclientconfig
  - signature
  - transports
  - types
  - version
- name: github.com/containers/storage
  version: 06b6c2e4cf254f5922a79da058c94ac2a65bb92f
  subpackages:
  - pkg/fileutils
  - pkg/homedir
  - pkg/idtools
  - pkg/mount
  - pkg/system
- name: github.com/cyphar/filepath-securejoin
  version: 7efe413b52e1bceaaee7efafebe396f9d648f258
- name: github.com/docker/distribution
  version: 0d3efadf0154c2b8a4e7b6621fff9809655cc580
  subpackages:
  - digestset
  - metrics
  - reference
  - registry/api/errcode
  - registry/api/v2
  - registry/client
  - registry/client/auth/challenge
  - registry/client/transport
  - registry/storage/cache
  - registry/storage/cache/memory
- name: github.com/docker/docker
  version: e6fe7f8f29364345083d466a3dfb21f9d539eda0
  subpackages:
  - api/types/versions
  - pkg/homedir
  - pkg/idtools
  - pkg/mount
  - pkg/system
- name: github.com/docker/docker-credential-helpers
  version: 123ba1b7cd646aaee13ba2e028b7c268db72e2b2
  subpackages:
  - client
  - credentials
- name: github.com/docker/go-connections
  version: 97c2040d34dfae1d1b1275fa3a78dbdd2f41cf7e
  subpackages:
  - sockets
  - tlsconfig
- name: github.com/docker/go-metrics
  version: b84716841b82eab644a0c64fc8b42d480e49add5
- name: github.com/docker/go-units
  version: 2fb04c6466a548a03cb009c5569ee1ab1e35398e
- name: github.com/docker/libtrust
  version: aabc10ec26b754e797f9028f4589c5b7bd90dc20
- name: github.com/dustin/go-humanize
  version: 9f541cc9db5d55bce703bd99987c9d5cb8eea45e
- name: github.com/flosch/pongo2
  version: 79872a7b27692599b259dc751bed8b03581dd0de
- name: github.com/freddierice/go-losetup
  version: fc9adea44124401d8bfef3a97eaf61b5d44cc2c6
- name: github.com/ghodss/yaml
  version: d4115522f0fe93c8641d5a20ac4a47ce1d50154c
- name: github.com/golang/protobuf
  version: c823c79ea1570fb5ff454033735a8e68575d1d0f
  subpackages:
  - proto
- name: github.com/gorilla/mux
  version: a7962380ca08b5a188038c69871b8d3fbdf31e89
- name: github.com/gorilla/websocket
  version: 7c8e298727d149d7c329b4dec7e94e1932ac5c11
- name: github.com/hashicorp/errwrap
  version: 7554cd9344cec97297fa6649b055a8c98c2a1e55
- name: github.com/hashicorp/go-multierror
  version: 886a7fbe3eb1c874d46f623bfa70af45f425b3d1
- name: github.com/juju/errors
  version: e65537c515d77e35697c471d6c2755375cb3adc4
- name: github.com/klauspost/compress
  version: 30be6041bed523c18e269a700ebd9c2ea9328574
  subpackages:
  - flate
- name: github.com/klauspost/cpuid
  version: 0da02118eaa37aa89aea6776b464a4ad00990af1
- name: github.com/klauspost/pgzip
  version: 083b1c3f84dd6486588802e5ce295de3a7f41a8b
- name: github.com/konsorten/go-windows-terminal-sequences
  version: 5c8c8bd35d3832f5d134ae1e1e375b69a4d25242
- name: github.com/lxc/lxd
  version: fe0844d45b32f11b05832e3f88cbf97e6bf9b484
  subpackages:
  - shared
  - shared/api
  - shared/cancel
  - shared/idmap
  - shared/ioprogress
  - shared/logger
- name: github.com/mattn/go-runewidth
  version: 703b5e6b11ae25aeb2af9ebb5d5fdf8fa2575211
- name: github.com/matttproud/golang_protobuf_extensions
  version: c182affec369e30f25d3eb8cd8a478dee585ae7d
  subpackages:
  - pbutil
- name: github.com/Microsoft/go-winio
  version: 75bf6ca3d7cb77506c52495e61472c131a254d56
- name: github.com/mitchellh/hashstructure
  version: a38c50148365edc8df43c1580c48fb2b3a1e9cd7
- name: github.com/mtrmac/gpgme
  version: b2432428689ca58c2b8e8dea9449d3295cf96fc9
- name: github.com/opencontainers/go-digest
  version: 4eb64ca734023ea9a10c70ff11dc0e3f69d38482
- name: github.com/opencontainers/image-spec
  version: befc3cba3ffdf76e2f72f52a248a20a2727cc4c9
  subpackages:
  - specs-go
  - specs-go/v1
- name: github.com/opencontainers/runc
  version: dd023c457d84de44fa61e6ff0e0cf6a0edd1005e
  subpackages:
  - libcontainer/user
- name: github.com/opencontainers/runtime-spec
  version: 29686dbc5559d93fb1ef402eeda3e35c38d75af4
  subpackages:
  - specs-go
- name: github.com/opencontainers/runtime-tools
  version: f611b4e1e0a8b3ffd9200b35e0f4159838a1c73a
  subpackages:
  - error
  - filepath
  - generate
  - generate/seccomp
  - specerror
  - validate
- name: github.com/openSUSE/umoci
  version: 4ad066106584def264daa0c14e3f551568c34831
  repo: https://github.com/tych0/umoci
  subpackages:
  - mutate
  - oci/cas
  - oci/cas/dir
  - oci/casext
  - oci/config/convert
  - oci/config/generate
  - oci/layer
  - pkg/fseval
  - pkg/hardening
  - pkg/idtools
  - pkg/mtreefilter
  - pkg/system
  - pkg/testutils
  - pkg/unpriv
  - third_party/shared
  - third_party/user
- name: github.com/pkg/errors
  version: ffb6e22f01932bf7ac35e0bad9be11f01d1c8685
- name: github.com/prometheus/client_golang
  version: 7190de1ef27a67a600698247a86db923cd5b8127
  subpackages:
  - prometheus
  - prometheus/internal
  - prometheus/promhttp
- name: github.com/prometheus/client_model
  version: fd36f4220a901265f90734c3183c5f0c91daa0b8
  subpackages:
  - go
- name: github.com/prometheus/common
  version: cfeb6f9992ffa54aaa4f2170ade4067ee478b250
  subpackages:
  - expfmt
  - internal/bitbucket.org/ww/goautoneg
  - model
- name: github.com/prometheus/procfs
  version: de1b801bf34b80cd00f14087dc5a994bfe0296bc
  subpackages:
  - internal/util
  - nfs
  - xfs
- name: github.com/rootless-containers/proto
  version: 316d7ae30bc5f448f217dc11623047b0f1589e53
  subpackages:
  - go-proto
- name: github.com/sergi/go-diff
  version: da645544ed44df016359bd4c0e3dc60ee3a0da43
  subpackages:
  - diffmatchpatch
- name: github.com/sirupsen/logrus
  version: 4ea4861398d99a2d05be29675c5b74caf7bea95e
- name: github.com/syndtr/gocapability
  version: db04d3cc01c8b54962a58ec7e491717d06cfcc16
  subpackages:
  - capability
- name: github.com/udhos/equalfile
  version: 81e18cfeaeae863f9257f38987894f18cbf995a2
- name: github.com/ulikunitz/xz
  version: 590df8077fbcb06ad62d7714da06c00e5dd2316d
  subpackages:
  - internal/hash
  - internal/xlog
  - lzma
- name: github.com/urfave/cli
  version: 693af58b4d51b8fcc7f9d89576da170765980581
- name: github.com/vbatts/go-mtree
  version: 8b6de6073c1a0c205934283ceefc5396b96a071e
  subpackages:
  - pkg/govis
  - xattr
- name: github.com/xeipuuv/gojsonpointer
  version: 6fe8760cad3569743d51ddbb243b26f8456742dc
- name: github.com/xeipuuv/gojsonreference
  version: e02fc20de94c78484cd5ffb007f8af96be030a45
- name: github.com/xeipuuv/gojsonschema
  version: 0c8571ac0ce161a5feb57375a9cdf148c98c0f70
- name: golang.org/x/crypto
  version: 193df9c0f06f8bb35fba505183eaf0acc0136505
  subpackages:
  - cast5
  - openpgp
  - openpgp/armor
  - openpgp/elgamal
  - openpgp/errors
  - openpgp/packet
  - openpgp/s2k
  - ripemd160
  - ssh/terminal
- name: golang.org/x/net
  version: 65e2d4e15006aab9813ff8769e768bbf4bb667a0
  subpackages:
  - context
  - internal/socks
  - proxy
- name: golang.org/x/sync
  version: 37e7f081c4d4c64e13b10787722085407fe5d15f
  subpackages:
  - semaphore
- name: golang.org/x/sys
  version: 41f3e6584952bb034a481797859f6ab34b6803bd
  subpackages:
  - unix
  - windows
- name: gopkg.in/cheggaaa/pb.v1
  version: 1cc5bbe20449079337944d56292c7383510c534c
- name: gopkg.in/lxc/go-lxc.v2
  version: 7c910f8a5edc8a569ffcd0c7c1f3ea56d73adab7
- name: gopkg.in/robfig/cron.v2
  version: be2e0b0deed5a68ffee390b4583a13aff8321535
- name: gopkg.in/yaml.v2
  version: 51d6538a90f86fe93ac480b35f37b2be17fef232
testImports: []
