hash: ec65767b27888e3c17db3c6a4579fc4903374879d40a717115f4416ca0eabbc2
updated: 2019-01-08T09:17:53.969316214-07:00
imports:
- name: code.cloudfoundry.org/systemcerts
  version: ca00b2f806f2fa1ded784ade357bad1ea3f1fbbe
- name: github.com/anmitsu/go-shlex
  version: 648efa622239a2f6ff949fed78ee37b48d499ba4
- name: github.com/apex/log
  version: d6c5facec1f2ae23a97782ab0ee18af58734346f
- name: github.com/beorn7/perks
  version: 3a771d992973f24aa725d07868b467d1ddfceafb
  subpackages:
  - quantile
- name: github.com/blang/semver
  version: b38d23b8782a487059e8fc8773e9a5b228a77cb6
- name: github.com/boltdb/bolt
  version: fd01fc79c553a8e99d512a07e8e0c63d4a3ccfc5
- name: github.com/BurntSushi/toml
  version: 3012a1dbe2e4bd1391d42b32f0577cb7bbc7f005
- name: github.com/cheggaaa/pb
  version: 1cc5bbe20449079337944d56292c7383510c534c
- name: github.com/containerd/continuity
  version: 004b46473808b3e7a4a3049c20e4376c91eb966d
  subpackages:
  - pathdriver
- name: github.com/containers/image
  version: f0cbc16b444d729362c78244c715b45bf4019b71
  subpackages:
  - copy
  - directory/explicitfilepath
  - docker
  - docker/policyconfiguration
  - docker/reference
  - image
  - manifest
  - oci/internal
  - oci/layout
  - pkg/blobinfocache
  - pkg/compression
  - pkg/docker/config
  - pkg/strslice
  - pkg/sysregistriesv2
  - pkg/tlsclientconfig
  - signature
  - transports
  - types
  - version
- name: github.com/containers/storage
  version: 2e0e1a581257fb1ab2b2298648bc7573d0b4f880
  subpackages:
  - pkg/fileutils
  - pkg/homedir
  - pkg/idtools
  - pkg/mount
  - pkg/system
- name: github.com/cyphar/filepath-securejoin
  version: 7be40bd7da2b783ab7a251a4f05525536beaf445
- name: github.com/docker/distribution
  version: 91b0f0559eb6710c574451049f8c71eb9c3952a7
  subpackages:
  - digestset
  - metrics
  - reference
  - registry/api/errcode
  - registry/api/v2
  - registry/client
  - registry/client/auth/challenge
  - registry/client/transport
  - registry/storage/cache
  - registry/storage/cache/memory
- name: github.com/docker/docker
  version: 77df18c24acf62778f132d30a058d559a0b8b2ba
  subpackages:
  - api/types/versions
  - pkg/homedir
  - pkg/idtools
  - pkg/mount
  - pkg/system
- name: github.com/docker/docker-credential-helpers
  version: 123ba1b7cd646aaee13ba2e028b7c268db72e2b2
  subpackages:
  - client
  - credentials
- name: github.com/docker/go-connections
  version: 97c2040d34dfae1d1b1275fa3a78dbdd2f41cf7e
  subpackages:
  - sockets
  - tlsconfig
- name: github.com/docker/go-metrics
  version: b84716841b82eab644a0c64fc8b42d480e49add5
- name: github.com/docker/go-units
  version: 2fb04c6466a548a03cb009c5569ee1ab1e35398e
- name: github.com/docker/libtrust
  version: aabc10ec26b754e797f9028f4589c5b7bd90dc20
- name: github.com/dustin/go-humanize
  version: 9f541cc9db5d55bce703bd99987c9d5cb8eea45e
- name: github.com/flosch/pongo2
  version: 79872a7b27692599b259dc751bed8b03581dd0de
- name: github.com/freddierice/go-losetup
  version: fc9adea44124401d8bfef3a97eaf61b5d44cc2c6
- name: github.com/ghodss/yaml
  version: c7ce16629ff4cd059ed96ed06419dd3856fd3577
- name: github.com/golang/protobuf
  version: 1d3f30b51784bec5aad268e59fd3c2fc1c2fe73f
  subpackages:
  - proto
- name: github.com/gorilla/mux
  version: 08e7f807d38d6a870193019bb439056118661505
- name: github.com/gorilla/websocket
  version: 95ba29eb981bbb27d92e1f70bf8a1949452d926b
- name: github.com/hashicorp/errwrap
  version: 7554cd9344cec97297fa6649b055a8c98c2a1e55
- name: github.com/hashicorp/go-multierror
  version: ed905158d87462226a13fe39ddf685ea65f1c11f
- name: github.com/juju/errors
  version: 089d3ea4e4d597bd98acac068193d341983326a3
- name: github.com/klauspost/compress
  version: 30be6041bed523c18e269a700ebd9c2ea9328574
  subpackages:
  - flate
- name: github.com/klauspost/cpuid
  version: c640019ed4bda023bac884990967336803e39e3a
- name: github.com/klauspost/pgzip
  version: 083b1c3f84dd6486588802e5ce295de3a7f41a8b
- name: github.com/konsorten/go-windows-terminal-sequences
  version: 5c8c8bd35d3832f5d134ae1e1e375b69a4d25242
- name: github.com/lxc/lxd
  version: 86f302f66ae8a17121db396132668bfcab50d6cd
  subpackages:
  - shared
  - shared/api
  - shared/cancel
  - shared/idmap
  - shared/ioprogress
  - shared/logger
- name: github.com/mattn/go-runewidth
  version: 703b5e6b11ae25aeb2af9ebb5d5fdf8fa2575211
- name: github.com/matttproud/golang_protobuf_extensions
  version: c182affec369e30f25d3eb8cd8a478dee585ae7d
  subpackages:
  - pbutil
- name: github.com/Microsoft/go-winio
  version: 763dedbc189c1354fd7a21c069f8ec0d9af2715b
- name: github.com/mitchellh/hashstructure
  version: a38c50148365edc8df43c1580c48fb2b3a1e9cd7
- name: github.com/mtrmac/gpgme
  version: b2432428689ca58c2b8e8dea9449d3295cf96fc9
- name: github.com/opencontainers/go-digest
  version: c9281466c8b2f606084ac71339773efd177436e7
- name: github.com/opencontainers/image-spec
  version: e74bb5aed1c876be723e181895359d8dca9b56a6
  subpackages:
  - specs-go
  - specs-go/v1
- name: github.com/opencontainers/runc
  version: bbb17efcb4c0ab986407812a31ba333a7450064c
  subpackages:
  - libcontainer/user
- name: github.com/opencontainers/runtime-spec
  version: 0ec20f481560cdc5edf60e7e554f51aae4c54a84
  subpackages:
  - specs-go
- name: github.com/opencontainers/runtime-tools
  version: f60dccdf95d16f99efb4f753efd0a05ec6109446
  subpackages:
  - error
  - filepath
  - generate
  - generate/seccomp
  - specerror
  - validate
- name: github.com/openSUSE/umoci
  version: 965ec03bb25c99653ac9cbf969c7a64cf1c94a88
  subpackages:
  - mutate
  - oci/cas
  - oci/cas/dir
  - oci/casext
  - oci/config/convert
  - oci/config/generate
  - oci/layer
  - pkg/fseval
  - pkg/hardening
  - pkg/idtools
  - pkg/system
  - pkg/testutils
  - pkg/unpriv
  - third_party/shared
  - third_party/user
- name: github.com/pkg/errors
  version: c38ea53d8c3f78ac85b9b0f1247abeb6d38f6988
- name: github.com/prometheus/client_golang
  version: d2ead25884778582e740573999f7b07f47e171b4
  subpackages:
  - prometheus
  - prometheus/internal
  - prometheus/promhttp
- name: github.com/prometheus/client_model
  version: 5c3871d89910bfb32f5fcab2aa4b9ec68e65a99f
  subpackages:
  - go
- name: github.com/prometheus/common
  version: 2998b132700a7d019ff618c06a234b47c1f3f681
  subpackages:
  - expfmt
  - internal/bitbucket.org/ww/goautoneg
  - model
- name: github.com/prometheus/procfs
  version: b1a0a9a36d7453ba0f62578b99712f3a6c5f82d1
  subpackages:
  - internal/util
  - nfs
  - xfs
- name: github.com/rootless-containers/proto
  version: 316d7ae30bc5f448f217dc11623047b0f1589e53
  subpackages:
  - go-proto
- name: github.com/sergi/go-diff
  version: da645544ed44df016359bd4c0e3dc60ee3a0da43
  subpackages:
  - diffmatchpatch
- name: github.com/sirupsen/logrus
  version: e1e72e9de974bd926e5c56f83753fba2df402ce5
- name: github.com/syndtr/gocapability
  version: db04d3cc01c8b54962a58ec7e491717d06cfcc16
  subpackages:
  - capability
- name: github.com/udhos/equalfile
  version: 81e18cfeaeae863f9257f38987894f18cbf995a2
- name: github.com/ulikunitz/xz
  version: 590df8077fbcb06ad62d7714da06c00e5dd2316d
  subpackages:
  - internal/hash
  - internal/xlog
  - lzma
- name: github.com/urfave/cli
  version: b67dcf995b6a7b7f14fad5fcb7cc5441b05e814b
- name: github.com/vbatts/go-mtree
  version: 94f5d6e2a36ff292cce7d7f9ca1df0fbccb22343
  repo: https://github.com/tych0/go-mtree
  subpackages:
  - pkg/govis
  - xattr
- name: github.com/xeipuuv/gojsonpointer
  version: 6fe8760cad3569743d51ddbb243b26f8456742dc
- name: github.com/xeipuuv/gojsonreference
  version: e02fc20de94c78484cd5ffb007f8af96be030a45
- name: github.com/xeipuuv/gojsonschema
  version: 0c8571ac0ce161a5feb57375a9cdf148c98c0f70
- name: golang.org/x/crypto
  version: ff983b9c42bc9fbf91556e191cc8efb585c16908
  subpackages:
  - cast5
  - openpgp
  - openpgp/armor
  - openpgp/elgamal
  - openpgp/errors
  - openpgp/packet
  - openpgp/s2k
  - ripemd160
  - ssh/terminal
- name: golang.org/x/net
  version: 395948e2f546cb82afa9e1f6d1a6e87849b9af1d
  subpackages:
  - context
  - internal/socks
  - proxy
- name: golang.org/x/sync
  version: 37e7f081c4d4c64e13b10787722085407fe5d15f
  subpackages:
  - semaphore
- name: golang.org/x/sys
  version: 8dbc5d05d6edcc104950cc299a1ce6641235bc86
  subpackages:
  - unix
  - windows
- name: gopkg.in/cheggaaa/pb.v1
  version: 1cc5bbe20449079337944d56292c7383510c534c
- name: gopkg.in/lxc/go-lxc.v2
  version: 7c910f8a5edc8a569ffcd0c7c1f3ea56d73adab7
- name: gopkg.in/robfig/cron.v2
  version: be2e0b0deed5a68ffee390b4583a13aff8321535
- name: gopkg.in/yaml.v2
  version: 51d6538a90f86fe93ac480b35f37b2be17fef232
testImports: []
