cyphar.com/go-pathrs v0.2.5 h1:SnX9FBvnoyn3lUs1dkMgZ52bAETpirNu3FTRh5HlRik=
cyphar.com/go-pathrs v0.2.5/go.mod h1:y8f1EMG7r+hCuFf/rXsKqMJrJAUoADZGNh5/vZPKcGc=
dario.cat/mergo v1.0.2 h1:85+piFYR1tMbRrLcDwR18y4UKJ3aH1Tbzi24VRW1TK8=
dario.cat/mergo v1.0.2/go.mod h1:E/hbnu0NxMFBjpMIE34DRGLWqDy0g5FuKDhCb31ngxA=
github.com/AdaLogics/go-fuzz-headers v0.0.0-20240806141605-e8a1dd7889d6 h1:He8afgbRMd7mFxO99hRNu+6tazq8nFF9lIwo9JFroBk=
github.com/AdaLogics/go-fuzz-headers v0.0.0-20240806141605-e8a1dd7889d6/go.mod h1:8o94RPi1/7XTJvwPpRSzSUedZrtlirdB3r9Z20bi2f8=
github.com/BurntSushi/toml v1.5.0/go.mod h1:ukJfTF/6rtPPRCnwkur4qwRxa8vTRFBF0uk2lLoLwho=
github.com/BurntSushi/toml v1.6.0 h1:dRaEfpa2VI55EwlIW72hMRHdWouJeRF7TPYhI+AUQjk=
github.com/BurntSushi/toml v1.6.0/go.mod h1:ukJfTF/6rtPPRCnwkur4qwRxa8vTRFBF0uk2lLoLwho=
github.com/Masterminds/semver/v3 v3.3.1 h1:QtNSWtVZ3nBfk8mAOu/B6v7FMJ+NHTIgUPi7rj+4nv4=
github.com/Masterminds/semver/v3 v3.3.1/go.mod h1:4V+yj/TJE1HU9XfppCwVMZq3I84lprf4nC11bSS5beM=
github.com/Microsoft/go-winio v0.6.3-0.20251027160822-ad3df93bed29 h1:0kQAzHq8vLs7Pptv+7TxjdETLf/nIqJpIB4oC6Ba4vY=
github.com/Microsoft/go-winio v0.6.3-0.20251027160822-ad3df93bed29/go.mod h1:ZWa7ssZJT30CCDGJ7fk/2SBTq9BIQrrVjrcss0UW2s0=
github.com/ProtonMail/go-crypto v1.4.1 h1:9RfcZHqEQUvP8RzecWEUafnZVtEvrBVL9BiF67IQOfM=
github.com/ProtonMail/go-crypto v1.4.1/go.mod h1:e1OaTyu5SYVrO9gKOEhTc+5UcXtTUa+P3uLudwcgPqo=
github.com/VividCortex/ewma v1.2.0 h1:f58SaIzcDXrSy3kWaHNvuJgJ3Nmz59Zji6XoJR/q1ow=
github.com/VividCortex/ewma v1.2.0/go.mod h1:nz4BbCtbLyFDeC9SUHbtcT5644juEuWfUAUnGx7j5l4=
github.com/acarl005/stripansi v0.0.0-20180116102854-5a71ef0e047d h1:licZJFw2RwpHMqeKTCYkitsPqHNxTmd4SNR5r94FGM8=
github.com/acarl005/stripansi v0.0.0-20180116102854-5a71ef0e047d/go.mod h1:asat636LX7Bqt5lYEZ27JNDcqxfjdBQuJ/MM4CN/Lzo=
github.com/anmitsu/go-shlex v0.0.0-20200514113438-38f4b401e2be h1:9AeTilPcZAjCFIImctFaOjnTIavg87rW78vTPkQqLI8=
github.com/anmitsu/go-shlex v0.0.0-20200514113438-38f4b401e2be/go.mod h1:ySMOLuWl6zY27l47sB3qLNK6tF2fkHG55UZxx8oIVo4=
github.com/apex/log v1.9.0 h1:FHtw/xuaM8AgmvDDTI9fiwoAL25Sq2cxojnZICUU8l0=
github.com/apex/log v1.9.0/go.mod h1:m82fZlWIuiWzWP04XCTXmnX0xRkYYbCdYn8jbJeLBEA=
github.com/apex/logs v1.0.0/go.mod h1:XzxuLZ5myVHDy9SAmYpamKKRNApGj54PfYLcFrXqDwo=
github.com/aphistic/golf v0.0.0-20180712155816-02c07f170c5a/go.mod h1:3NqKYiepwy8kCu4PNA+aP7WUV72eXWJeP9/r3/K9aLE=
github.com/aphistic/sweet v0.2.0/go.mod h1:fWDlIh/isSE9n6EPsRmC0det+whmX6dJid3stzu0Xys=
github.com/apparentlymart/go-shquot v0.0.1 h1:MGV8lwxF4zw75lN7e0MGs7o6AFYn7L6AZaExUpLh0Mo=
github.com/apparentlymart/go-shquot v0.0.1/go.mod h1:lw58XsE5IgUXZ9h0cxnypdx31p9mPFIVEQ9P3c7MlrU=
github.com/aws/aws-sdk-go v1.20.6/go.mod h1:KmX6BPdI08NWTb3/sm4ZGu5ShLoqVDhKgpiN924inxo=
github.com/aybabtme/rgbterm v0.0.0-20170906152045-cc83f3b3ce59/go.mod h1:q/89r3U2H7sSsE2t6Kca0lfwTK8JdoNGS/yzM/4iH5I=
github.com/blang/semver/v4 v4.0.0 h1:1PFHFE6yCCTv8C1TeyNNarDzntLi7wMI5i/pzqYIsAM=
github.com/blang/semver/v4 v4.0.0/go.mod h1:IbckMUScFkM3pff0VJDNKRiT6TG/YpiHIM2yvyW5YoQ=
github.com/cespare/xxhash/v2 v2.3.0 h1:UL815xU9SqsFlibzuggzjXhog7bL6oX9BbNZnL2UFvs=
github.com/cespare/xxhash/v2 v2.3.0/go.mod h1:VGX0DQ3Q6kWi7AoAeZDth3/j3BFtOZR5XLFGgcrjCOs=
github.com/cheggaaa/pb/v3 v3.2.1 h1:aprZbFRG+B7+ug76S8QZ6Y1PW168UHzOmbC3wa+aU6I=
github.com/cheggaaa/pb/v3 v3.2.1/go.mod h1:U9hSVxoKqJrZIE3PkFG1xXXNaK/Ilzg+EF/scpXzEdw=
github.com/clipperhouse/uax29/v2 v2.7.0 h1:+gs4oBZ2gPfVrKPthwbMzWZDaAFPGYK72F0NJv2v7Vk=
github.com/clipperhouse/uax29/v2 v2.7.0/go.mod h1:EFJ2TJMRUaplDxHKj1qAEhCtQPW2tJSwu5BF98AuoVM=
github.com/cloudflare/circl v1.6.3 h1:9GPOhQGF9MCYUeXyMYlqTR6a5gTrgR/fBLXvUgtVcg8=
github.com/cloudflare/circl v1.6.3/go.mod h1:2eXP6Qfat4O/Yhh8BznvKnJ+uzEoTQ6jVKJRn81BiS4=
github.com/containerd/errdefs v1.0.0 h1:tg5yIfIlQIrxYtu9ajqY42W3lpS19XqdxRQeEwYG8PI=
github.com/containerd/errdefs v1.0.0/go.mod h1:+YBYIdtsnF4Iw6nWZhJcqGSg/dwvV7tyJ/kCkyJ2k+M=
github.com/containerd/errdefs/pkg v0.3.0 h1:9IKJ06FvyNlexW690DXuQNx2KA2cUJXx151Xdx3ZPPE=
github.com/containerd/errdefs/pkg v0.3.0/go.mod h1:NJw6s9HwNuRhnjJhM7pylWwMyAkmCQvQ4GpJHEqRLVk=
github.com/containerd/log v0.1.0 h1:TCJt7ioM2cr/tfR8GPbGf9/VRAX8D2B4PjzCpfX540I=
github.com/containerd/log v0.1.0/go.mod h1:VRRf09a7mHDIRezVKTRCrOq78v577GXq3bSa3EhrzVo=
github.com/containerd/platforms v1.0.0-rc.5 h1:vXd569rDrz8LeMXzAnBsy6LADV5YtsD8oyaRarxdmSU=
github.com/containerd/platforms v1.0.0-rc.5/go.mod h1:lKlMXyLybmBedS/JJm11uDofzI8L2v0J2ZbYvNsbq1A=
github.com/containerd/stargz-snapshotter/estargz v0.18.2 h1:yXkZFYIzz3eoLwlTUZKz2iQ4MrckBxJjkmD16ynUTrw=
github.com/containerd/stargz-snapshotter/estargz v0.18.2/go.mod h1:XyVU5tcJ3PRpkA9XS2T5us6Eg35yM0214Y+wvrZTBrY=
github.com/containerd/typeurl/v2 v2.3.0 h1:HZHPhRWo5XMy3QGQoPrUzbW/2ckwjfweHmOwlkIrPAQ=
github.com/containerd/typeurl/v2 v2.3.0/go.mod h1:Qk+PAdUYArVj41TnGi6rJ+48RF0PkcTc4i/taoBcK0w=
github.com/containers/libtrust v0.0.0-20230121012942-c1716e8a8d01 h1:Qzk5C6cYglewc+UyGf6lc8Mj2UaPTHy/iF2De0/77CA=
github.com/containers/libtrust v0.0.0-20230121012942-c1716e8a8d01/go.mod h1:9rfv8iPl1ZP7aqh9YA68wnZv2NUDbXdcdPHVz0pFbPY=
github.com/containers/ocicrypt v1.3.2 h1:MuqHSfiPpGzoAQdgDSX85FgixSgIm9mSDXTLTgugY5E=
github.com/containers/ocicrypt v1.3.2/go.mod h1:ntBZabYG0rlvstB/1rK/ba2laaU5EHE0pD5ioHoPTq4=
github.com/cpuguy83/go-md2man/v2 v2.0.7 h1:zbFlGlXEAKlwXpmvle3d8Oe3YnkKIK4xSRTd3sHPnBo=
github.com/cpuguy83/go-md2man/v2 v2.0.7/go.mod h1:oOW0eioCTA6cOiMLiUPZOpcVxMig6NIQQ7OS05n1F4g=
github.com/cyberphone/json-canonicalization v0.0.0-20241213102144-19d51d7fe467 h1:uX1JmpONuD549D73r6cgnxyUu18Zb7yHAy5AYU0Pm4Q=
github.com/cyberphone/json-canonicalization v0.0.0-20241213102144-19d51d7fe467/go.mod h1:uzvlm1mxhHkdfqitSA92i7Se+S9ksOn3a3qmv/kyOCw=
github.com/cyphar/filepath-securejoin v0.7.0 h1:s0Y3ITPy6sQn5xt54DuYvTF8hu134ooYLUb58DX/HjE=
github.com/cyphar/filepath-securejoin v0.7.0/go.mod h1:ymLGms/u3BYaviIiuKFnUx8EkQEZeK6cInNoAPJA3o4=
github.com/davecgh/go-spew v1.1.0/go.mod h1:J7Y8YcW2NihsgmVo/mv3lAwl/skON4iLHjSsI+c5H38=
github.com/davecgh/go-spew v1.1.1/go.mod h1:J7Y8YcW2NihsgmVo/mv3lAwl/skON4iLHjSsI+c5H38=
github.com/davecgh/go-spew v1.1.2-0.20180830191138-d8f796af33cc h1:U9qPSI2PIWSS1VwoXQT9A3Wy9MM3WgvqSxFWenqJduM=
github.com/davecgh/go-spew v1.1.2-0.20180830191138-d8f796af33cc/go.mod h1:J7Y8YcW2NihsgmVo/mv3lAwl/skON4iLHjSsI+c5H38=
github.com/distribution/reference v0.6.0 h1:0IXCQ5g4/QMHHkarYzh5l+u8T3t73zM5QvfrDyIgxBk=
github.com/distribution/reference v0.6.0/go.mod h1:BbU0aIcezP1/5jX/8MP0YiH4SdvB5Y4f/wlDRiLyi3E=
github.com/docker/cli v29.6.2+incompatible h1:/bjePvcbbFTnRrMfWJBY7AjfICdsiLVgHn6LwTVOcqw=
github.com/docker/cli v29.6.2+incompatible/go.mod h1:JLrzqnKDaYBop7H2jaqPtU4hHvMKP+vjCwu2uszcLI8=
github.com/docker/distribution v2.8.3+incompatible h1:AtKxIZ36LoNK51+Z6RpzLpddBirtxJnzDrHLEKxTAYk=
github.com/docker/distribution v2.8.3+incompatible/go.mod h1:J2gT2udsDAN96Uj4KfcMRqY0/ypR+oyYUYmja8H+y+w=
github.com/docker/docker-credential-helpers v0.9.8 h1:bIREROb7So6PRlq6KTtdS9MPEjC29OQRkFNlvK2OX8Q=
github.com/docker/docker-credential-helpers v0.9.8/go.mod h1:v1S+hepowrQXITkEfw6o4+BMbGot02wiKpzWhGUZK6c=
github.com/docker/go-connections v0.8.1 h1:JibmG5hULs5qXSr/cp/w3Pw5fZuStt4MOHMUExb29/M=
github.com/docker/go-connections v0.8.1/go.mod h1:no1qkHdjq7kLMGUXYAduOhYPSJxxvgWBh7ogVvptn3Q=
github.com/docker/go-units v0.5.0 h1:69rxXcBk27SvSaaxTtLh/8llcHD8vYHT7WSdRZ/jvr4=
github.com/docker/go-units v0.5.0/go.mod h1:fgPhTUdO+D/Jk86RDLlptpiXQzgHJF7gydDDbaIK4Dk=
github.com/dustin/go-humanize v1.0.1 h1:GzkhY7T5VNhEkwH0PVJgjz+fX1rhBrR7pRT3mDkpeCY=
github.com/dustin/go-humanize v1.0.1/go.mod h1:Mu1zIs6XwVuF/gI1OepvI0qD18qycQx+mFykh5fBlto=
github.com/fatih/color v1.7.0/go.mod h1:Zm6kSWBoL9eyXnKyktHP6abPY2pDugNf5KwzbycvMj4=
github.com/fatih/color v1.19.0 h1:Zp3PiM21/9Ld6FzSKyL5c/BULoe/ONr9KlbYVOfG8+w=
github.com/fatih/color v1.19.0/go.mod h1:zNk67I0ZUT1bEGsSGyCZYZNrHuTkJJB+r6Q9VuMi0LE=
github.com/felixge/httpsnoop v1.0.4 h1:NFTV2Zj1bL4mc9sqWACXbQFVBBg2W3GPvqp8/ESS2Wg=
github.com/felixge/httpsnoop v1.0.4/go.mod h1:m8KPJKqk1gH5J9DgRY2ASl2lWCfGKXixSwevea8zH2U=
github.com/freddierice/go-losetup v0.0.0-20220711213114-2a14873012db h1:StM6A9LvaVrFS2chAGcfRVDoBB6rHYPIGJ3GknpB25c=
github.com/freddierice/go-losetup v0.0.0-20220711213114-2a14873012db/go.mod h1:pwuQfHWn6j2Fpl2AWw/bPLlKfojHxIIEa5TeKIgDFW4=
github.com/fsnotify/fsnotify v1.4.7/go.mod h1:jwhsz4b93w/PPRr/qN1Yymfu8t87LnFCMoQvtojpjFo=
github.com/go-jose/go-jose/v4 v4.1.4 h1:moDMcTHmvE6Groj34emNPLs/qtYXRVcd6S7NHbHz3kA=
github.com/go-jose/go-jose/v4 v4.1.4/go.mod h1:x4oUasVrzR7071A4TnHLGSPpNOm2a21K9Kf04k1rs08=
github.com/go-logfmt/logfmt v0.4.0/go.mod h1:3RMwSq7FuexP4Kalkev3ejPJsZTpXXBr9+V4qmtdjCk=
github.com/go-logr/logr v1.2.2/go.mod h1:jdQByPbusPIv2/zmleS9BjJVeZ6kBagPoEUsqbVz/1A=
github.com/go-logr/logr v1.4.4 h1:tG4xh9yMsRCAiodLVTxyrkzSZ9+o0L1Kg/+cPVcbP/8=
github.com/go-logr/logr v1.4.4/go.mod h1:9T104GzyrTigFIr8wt5mBrctHMim0Nb2HLGrmQ40KvY=
github.com/go-logr/stdr v1.2.2 h1:hSWxHoqTgW2S2qGc0LTAI563KZ5YKYRhT3MFKZMbjag=
github.com/go-logr/stdr v1.2.2/go.mod h1:mMo/vtBO5dYbehREoey6XUKy/eSumjCCveDpRre4VKE=
github.com/golang/protobuf v1.2.0/go.mod h1:6lQm79b+lXiMfvg/cZm0SGofjICqVBUtrP5yJMmIC1U=
github.com/golang/protobuf v1.3.1/go.mod h1:6lQm79b+lXiMfvg/cZm0SGofjICqVBUtrP5yJMmIC1U=
github.com/golang/protobuf v1.5.0/go.mod h1:FsONVRAS9T7sI+LIUmWTfcYkHO4aIWwzhcaSAoJOfIk=
github.com/golang/protobuf v1.5.4 h1:i7eJL8qZTpSEXOPTxNKhASYpMn+8e5Q6AdndVa1dWek=
github.com/golang/protobuf v1.5.4/go.mod h1:lnTiLA8Wa4RWRcIUkrtSVa5nRhsEGBg48fD6rSs7xps=
github.com/google/go-cmp v0.5.5/go.mod h1:v8dTdLbMG2kIc/vJvl+f65V22dbkXbowE6jgT/gNBxE=
github.com/google/go-cmp v0.6.0/go.mod h1:17dUlkBOakJ0+DkrSSNjCkIjxS6bF9zb3elmeNGIjoY=
github.com/google/go-cmp v0.7.0 h1:wk8382ETsv4JYUZwIsn6YpYiWiBsYLSJiTsyBybVuN8=
github.com/google/go-cmp v0.7.0/go.mod h1:pXiqmnSA92OHEEa9HXL2W4E7lf9JzCmGVUdgjX3N/iU=
github.com/google/go-containerregistry v0.21.7 h1:/vPFuVXDjtFREsVArW+0h1CIl5urnOhzei4X2DMW9IU=
github.com/google/go-containerregistry v0.21.7/go.mod h1:kjSbt7/zMsKLWfnHrIvKvhXHUw91jbe9DNjPPJ32gXE=
github.com/google/go-intervals v0.0.2 h1:FGrVEiUnTRKR8yE04qzXYaJMtnIYqobR5QbblK3ixcM=
github.com/google/go-intervals v0.0.2/go.mod h1:MkaR3LNRfeKLPmqgJYs4E66z5InYjmCjbbr4TQlcT6Y=
github.com/google/gofuzz v1.0.0/go.mod h1:dBl0BpW6vV/+mYPU4Po3pmUjxk6FQPldtuIdl/M65Eg=
github.com/google/uuid v1.1.1/go.mod h1:TIyPZe4MgqvfeYDBFedMoGGpEw/LqOeaOT+nhxU+yHo=
github.com/google/uuid v1.2.0/go.mod h1:TIyPZe4MgqvfeYDBFedMoGGpEw/LqOeaOT+nhxU+yHo=
github.com/google/uuid v1.6.0 h1:NIvaJDMOsjHA8n1jAhLSgzrAzy1Hgr+hNrb57e+94F0=
github.com/google/uuid v1.6.0/go.mod h1:TIyPZe4MgqvfeYDBFedMoGGpEw/LqOeaOT+nhxU+yHo=
github.com/gopherjs/gopherjs v1.17.2 h1:fQnZVsXk8uxXIStYb0N4bGk7jeyTalG/wsZjQ25dO0g=
github.com/gopherjs/gopherjs v1.17.2/go.mod h1:pRRIvn/QzFLrKfvEz3qUuEhtE/zLCWfreZ6J5gM2i+k=
github.com/gorilla/mux v1.8.1 h1:TuBL49tXwgrFYWhqrNgrUNEY92u81SPhu7sTdzQEiWY=
github.com/gorilla/mux v1.8.1/go.mod h1:AKf9I4AEqPTmMytcMc0KkNouC66V3BtZ4qD5fmWSiMQ=
github.com/hpcloud/tail v1.0.0/go.mod h1:ab1qPbhIpdTxEkNHXyeSf5vhxWSCs/tWer42PpOxQnU=
github.com/jmespath/go-jmespath v0.0.0-20180206201540-c2b33e8439af/go.mod h1:Nht3zPeWKUH0NzdCt2Blrr5ys8VGpn0CEB0cQHVjt7k=
github.com/jpillora/backoff v0.0.0-20180909062703-3050d21c67d7/go.mod h1:2iMrUgbbvHEiQClaW2NsSzMyGHqN+rDFqY705q49KG0=
github.com/json-iterator/go v1.1.12 h1:PV8peI4a0ysnczrg+LtxykD8LfKY9ML6u2jnxaEnrnM=
github.com/json-iterator/go v1.1.12/go.mod h1:e30LSqwooZae/UwlEbR2852Gd8hjQvJoHmT4TnhNGBo=
github.com/jtolds/gls v4.20.0+incompatible h1:xdiiI2gbIgH/gLH7ADydsJ1uDOEzR8yvV7C0MuV77Wo=
github.com/jtolds/gls v4.20.0+incompatible/go.mod h1:QJZ7F/aHp+rZTRtaJ1ow/lLfFfVYBRgL+9YlvaHOwJU=
github.com/justincormack/go-memfd v0.0.0-20170219213707-6e4af0518993 h1:YnMJVKw7M5rE15UsVY7w2cnxcnArci7v1g3butq0YbI=
github.com/justincormack/go-memfd v0.0.0-20170219213707-6e4af0518993/go.mod h1:VYi8SD2j14Nh9hNT7l57A00YUx/tMxY6pPA1IGljdrg=
github.com/klauspost/compress v1.18.0 h1:c/Cqfb0r+Yi+JtIEq73FWXVkRonBlf0CRNYc8Zttxdo=
github.com/klauspost/compress v1.18.0/go.mod h1:2Pp+KzxcywXVXMr50+X0Q/Lsb43OQHYWRCY2AiWywWQ=
github.com/klauspost/cpuid/v2 v2.3.0 h1:S4CRMLnYUhGeDFDqkGriYKdfoFlDnMtqTiI/sFzhA9Y=
github.com/klauspost/cpuid/v2 v2.3.0/go.mod h1:hqwkgyIinND0mEev00jJYCxPNVRVXFQeu1XKlok6oO0=
github.com/klauspost/pgzip v1.2.6 h1:8RXeL5crjEUFnR2/Sn6GJNWtSQ3Dk8pq4CL3jvdDyjU=
github.com/klauspost/pgzip v1.2.6/go.mod h1:Ch1tH69qFZu15pkjo5kYi6mth2Zzwzt50oCQKQE9RUs=
github.com/kr/logfmt v0.0.0-20140226030751-b84e30acd515/go.mod h1:+0opPa2QZZtGFBFZlji/RkVcI2GknAs/DXo4wKdlNEc=
github.com/kr/pretty v0.2.0/go.mod h1:ipq/a2n7PKx3OHsz4KJII5eveXtPO4qwEXGdVfWzfnI=
github.com/kr/pretty v0.3.1 h1:flRD4NNwYAUpkphVc1HcthR4KEIFJ65n8Mw5qdRn3LE=
github.com/kr/pretty v0.3.1/go.mod h1:hoEshYVHaxMs3cyo3Yncou5ZscifuDolrwPKZanG3xk=
github.com/kr/pty v1.1.1/go.mod h1:pFQYn66WHrOpPYNljwOMqo10TkYh1fy3cYio2l3bCsQ=
github.com/kr/text v0.1.0/go.mod h1:4Jbv+DJW3UT/LiOwJeYQe1efqtUx/iVham/4vfdArNI=
github.com/kr/text v0.2.0 h1:5Nx0Ya0ZqY2ygV366QzturHI13Jq95ApcVaJBhpS+AY=
github.com/kr/text v0.2.0/go.mod h1:eLer722TekiGuMkidMxC/pM04lWEeraHUUmBw8l2grE=
github.com/lxc/go-lxc v0.0.0-20260316180011-3af4ce000ed7 h1:MXZvjx5IYff3AacumHgmaJqWXyfROImWfJzmMP1ye4o=
github.com/lxc/go-lxc v0.0.0-20260316180011-3af4ce000ed7/go.mod h1:3UTWXVcHfgxE7JM4ZUnsy6bDA8L1vuzwJbJRF6dlB90=
github.com/lxc/incus/v7 v7.4.0 h1:gZPEQvFVOeeSVhsnZVObcrSCLVfnowBP3VM8Fr5QaAQ=
github.com/lxc/incus/v7 v7.4.0/go.mod h1:drJHddxdr1men9MS1VYrdjDWBeiI92yL//Aq4oAIPCY=
github.com/martinjungblut/go-cryptsetup v0.0.0-20220520180014-fd0874fd07a6 h1:YDjLk3wsL5ZLhLC4TIwIvT2NkSCAdAV6pzzZaRfj4jk=
github.com/martinjungblut/go-cryptsetup v0.0.0-20220520180014-fd0874fd07a6/go.mod h1:gZoZ0+POlM1ge/VUxWpMmZVNPzzMJ7l436CgkQ5+qzU=
github.com/mattn/go-colorable v0.1.1/go.mod h1:FuOcm+DKB9mbwrcAfNl7/TZVBZ6rcnceauSikq3lYCQ=
github.com/mattn/go-colorable v0.1.2/go.mod h1:U0ppj6V5qS13XJ6of8GYAs25YV2eR4EVcfRqFIhoBtE=
github.com/mattn/go-colorable v0.1.15 h1:+u9SLTRGnXv73cEsnsmoZBom+dMU88B2M0aDcWy0/jY=
github.com/mattn/go-colorable v0.1.15/go.mod h1:6LmQG8QLFO4G5z1gPvYEzlUgJ2wF+stgPZH1UqBm1s8=
github.com/mattn/go-isatty v0.0.5/go.mod h1:Iq45c/XA43vh69/j3iqttzPXn0bhXyGjM0Hdxcsrc5s=
github.com/mattn/go-isatty v0.0.8/go.mod h1:Iq45c/XA43vh69/j3iqttzPXn0bhXyGjM0Hdxcsrc5s=
github.com/mattn/go-isatty v0.0.24 h1:tGZZoVgT/KiqK1c8ocVLeDS8BSWMRd47J3Lbz7vsReI=
github.com/mattn/go-isatty v0.0.24/go.mod h1:nMCL3Zebbrt45jsMDgnfIwz6ydEQApk5oEI3HqDio6A=
github.com/mattn/go-runewidth v0.0.28 h1:rPyg2ybwEKPebvpzVWe1gKBkH8EQFkxO4Y0hjBeLaBU=
github.com/mattn/go-runewidth v0.0.28/go.mod h1:3qAiGCV4Koz/yuveO58qUefmUTRm8r0IGEXZ9jeHp/8=
github.com/mattn/go-sqlite3 v1.14.50 h1:dmdFvo1XG4MPzA4IkAmE9upVz/Nj31uRoM5+jC8hYbY=
github.com/mattn/go-sqlite3 v1.14.50/go.mod h1:6JTjA44L93a0QCyJef5YvlPoKXntQPjzWv5gtm9sB6w=
github.com/mgutz/ansi v0.0.0-20170206155736-9520e82c474b/go.mod h1:01TrycV0kFyexm33Z7vhZRXopbI8J3TDReVlkTgMUxE=
github.com/miekg/pkcs11 v1.1.2 h1:/VxmeAX5qU6Q3EwafypogwWbYryHFmF2RpkJmw3m4MQ=
github.com/miekg/pkcs11 v1.1.2/go.mod h1:XsNlhZGX73bx86s2hdc/FuaLm2CPZJemRLMA+WTFxgs=
github.com/minio/sha256-simd v1.0.1 h1:6kaan5IFmwTNynnKKpDHe6FWHohJOHhCPchzK49dzMM=
github.com/minio/sha256-simd v1.0.1/go.mod h1:Pz6AKMiUdngCLpeTL/RJY1M9rUuPMYujV5xJjtbRSN8=
github.com/mistifyio/go-zfs/v4 v4.0.0 h1:sU0+5dX45tdDK5xNZ3HBi95nxUc48FS92qbIZEvpAg4=
github.com/mistifyio/go-zfs/v4 v4.0.0/go.mod h1:weotFtXTHvBwhr9Mv96KYnDkTPBOHFUbm9cBmQpesL0=
github.com/mitchellh/hashstructure v1.1.0 h1:P6P1hdjqAAknpY/M1CGipelZgp+4y9ja9kmUZPXP+H0=
github.com/mitchellh/hashstructure v1.1.0/go.mod h1:xUDAozZz0Wmdiufv0uyhnHkUTN6/6d8ulp4AwfLKrmA=
github.com/moby/buildkit v0.32.2 h1:Sfy7+u6dUv/2yuBc9KCoK70Re8atuV8aPZ5UOC068Vc=
github.com/moby/buildkit v0.32.2/go.mod h1:0GB/EJ1d+4VIVqIAgy3asaoGkVXy7IrDfVy7mPhOvg8=
github.com/moby/docker-image-spec v1.3.1 h1:jMKff3w6PgbfSa69GfNg+zN/XLhfXJGnEx3Nl2EsFP0=
github.com/moby/docker-image-spec v1.3.1/go.mod h1:eKmb5VW8vQEh/BAr2yvVNvuiJuY6UIocYsFu/DxxRpo=
github.com/moby/moby/api v1.55.0 h1:2/sexvQyqIWS8pRSCFddBfpW2qE7vR7FCL+vN8pxwMc=
github.com/moby/moby/api v1.55.0/go.mod h1:+RQ6wluLwtYaTd1WnPLykIDPekkuyD/ROWQClE83pzs=
github.com/moby/moby/client v0.5.1 h1:tYNaJno4c0HXz12y5BiqEDy0rVTYkWzI26lGvnTMiJw=
github.com/moby/moby/client v0.5.1/go.mod h1:odLstlZ6uSnfvAgVxMpvgmb8SUdd+siH2T0GBuxVAlM=
github.com/moby/sys/capability v0.4.0 h1:4D4mI6KlNtWMCM1Z/K0i7RV1FkX+DBDHKVJpCndZoHk=
github.com/moby/sys/capability v0.4.0/go.mod h1:4g9IK291rVkms3LKCDOoYlnV8xKwoDTpIrNEE35Wq0I=
github.com/moby/sys/mountinfo v0.7.2 h1:1shs6aH5s4o5H2zQLn796ADW1wMrIwHsyJ2v9KouLrg=
github.com/moby/sys/mountinfo v0.7.2/go.mod h1:1YOa8w8Ih7uW0wALDUgT1dTTSBrZ+HiBLGws92L2RU4=
github.com/moby/sys/user v0.4.1 h1:RgjRlaDKi/Xmyrz4t8lyzXT6v2ooFeO/7xtchmhVWE0=
github.com/moby/sys/user v0.4.1/go.mod h1:E9QsW5WRe1kUAf7kW8hXKwu1uhsZEAdPLYHYSDudF4Y=
github.com/moby/sys/userns v0.2.0 h1:nEtDtp7NCV/6dutSklNe8FrENPwFdc4mXnZqC/JWgXM=
github.com/moby/sys/userns v0.2.0/go.mod h1:IHUYgu/kao6N8YZlp9Cf444ySSvCmDlmzUcYfDHOl28=
github.com/modern-go/concurrent v0.0.0-20180228061459-e0a39a4cb421/go.mod h1:6dJC0mAP4ikYIbvyc7fijjWJddQyLn8Ig3JB5CqoB9Q=
github.com/modern-go/concurrent v0.0.0-20180306012644-bacd9c7ef1dd h1:TRLaZ9cD/w8PVh93nsPXa1VrQ6jlwL5oN8l14QlcNfg=
github.com/modern-go/concurrent v0.0.0-20180306012644-bacd9c7ef1dd/go.mod h1:6dJC0mAP4ikYIbvyc7fijjWJddQyLn8Ig3JB5CqoB9Q=
github.com/modern-go/reflect2 v1.0.2/go.mod h1:yWuevngMOJpCy52FWWMvUC8ws7m/LJsjYzDa0/r8luk=
github.com/modern-go/reflect2 v1.0.3-0.20250322232337-35a7c28c31ee h1:W5t00kpgFdJifH4BDsTlE89Zl93FEloxaWZfGcifgq8=
github.com/modern-go/reflect2 v1.0.3-0.20250322232337-35a7c28c31ee/go.mod h1:yWuevngMOJpCy52FWWMvUC8ws7m/LJsjYzDa0/r8luk=
github.com/mohae/deepcopy v0.0.0-20170929034955-c48cc78d4826 h1:RWengNIwukTxcDr9M+97sNutRR1RKhG96O6jWumTTnw=
github.com/mohae/deepcopy v0.0.0-20170929034955-c48cc78d4826/go.mod h1:TaXosZuwdSHYgviHp1DAtfrULt5eUgsSMsZf+YrPgl8=
github.com/onsi/ginkgo v1.6.0/go.mod h1:lLunBs/Ym6LB5Z9jYTR76FiuTmxDTDusOGeTQH+WWjE=
github.com/onsi/gomega v1.5.0/go.mod h1:ex+gbHU/CVuBBDIJjb2X0qEXbFg53c61hWP/1CpauHY=
github.com/opencontainers/go-digest v1.0.0 h1:apOUWs51W5PlhuyGyz9FCeeBIOUDA/6nW8Oi/yOhh5U=
github.com/opencontainers/go-digest v1.0.0/go.mod h1:0JzlMkj0TRzQZfJkVvzbP0HBR3IKzErnv2BNG4W4MAM=
github.com/opencontainers/image-spec v1.1.1 h1:y0fUlFfIZhPF1W537XOLg0/fcx6zcHCJwooC2xJA040=
github.com/opencontainers/image-spec v1.1.1/go.mod h1:qpqAh3Dmcf36wStyyWU+kCeDgrGnAve2nCC8+7h8Q0M=
github.com/opencontainers/runtime-spec v1.3.0 h1:YZupQUdctfhpZy3TM39nN9Ika5CBWT5diQ8ibYCRkxg=
github.com/opencontainers/runtime-spec v1.3.0/go.mod h1:jwyrGlmzljRJv/Fgzds9SsS/C5hL+LL3ko9hs6T5lQ0=
github.com/opencontainers/selinux v1.15.1 h1:ERxeh5caJvCzNAKdI8WQbJmB1LDTn4BuaAg8wihLBpA=
github.com/opencontainers/selinux v1.15.1/go.mod h1:LenyElirjUHszfxrjuFqC85HIeXZKumHcKMQtnaDlQQ=
github.com/opencontainers/umoci v0.6.1-0.20251213054154-70fc5ee1f4df h1:9hvwN64VeuL1L0Jgp8bxTPmd5IZQoHmeXGWrVqsEhN0=
github.com/opencontainers/umoci v0.6.1-0.20251213054154-70fc5ee1f4df/go.mod h1:s6d/s4QJAZTF92hEU6ozuHjE0+VRc6kVe1QIWfvL7KY=
github.com/pkg/errors v0.8.1/go.mod h1:bwawxfHBFNV+L2hUp1rHADufV3IMtnDRdf1r5NINEl0=
github.com/pkg/errors v0.9.1 h1:FEBLx1zS214owpjy7qsBeixbURkuhQAwrK5UwLGTwt4=
github.com/pkg/errors v0.9.1/go.mod h1:bwawxfHBFNV+L2hUp1rHADufV3IMtnDRdf1r5NINEl0=
github.com/pkg/xattr v0.4.12 h1:rRTkSyFNTRElv6pkA3zpjHpQ90p/OdHQC1GmGh1aTjM=
github.com/pkg/xattr v0.4.12/go.mod h1:di8WF84zAKk8jzR1UBTEWh9AUlIZZ7M/JNt8e9B6ktU=
github.com/planetscale/vtprotobuf v0.6.1-0.20240319094008-0393e58bdf10 h1:GFCKgmp0tecUJ0sJuv4pzYCqS9+RGSn52M3FUwPs+uo=
github.com/planetscale/vtprotobuf v0.6.1-0.20240319094008-0393e58bdf10/go.mod h1:t/avpk3KcrXxUnYOhZhMXJlSEyie6gQbtLq5NM3loB8=
github.com/pmezard/go-difflib v1.0.0/go.mod h1:iKH77koFhYxTK1pcRnkKkqfTogsbg7gZNVY4sRDYZ/4=
github.com/proglottis/gpgme v0.1.6 h1:8WpQ8VWggLdxkuTnW+sZ1r1t92XBNd8GZNDhQ4Rz+98=
github.com/proglottis/gpgme v0.1.6/go.mod h1:5LoXMgpE4bttgwwdv9bLs/vwqv3qV7F4glEEZ7mRKrM=
github.com/rogpeppe/fastuuid v1.1.0/go.mod h1:jVj6XXZzXRy/MSR5jhDC/2q6DgLz+nrA6LYCDYWNEvQ=
github.com/rogpeppe/go-internal v1.14.1 h1:UQB4HGPB6osV0SQTLymcB4TgvyWu6ZyliaW0tI/otEQ=
github.com/rogpeppe/go-internal v1.14.1/go.mod h1:MaRKkUm5W0goXpeCfT7UZI6fk/L7L7so1lCWt35ZSgc=
github.com/rootless-containers/proto/go-proto v0.0.0-20260207013450-f6ee952d53d9 h1:3w2GInbYbp08pUeQoM3qI1L4v8htpwHQN9AkfILlUSw=
github.com/rootless-containers/proto/go-proto v0.0.0-20260207013450-f6ee952d53d9/go.mod h1:LLjEAc6zmycfeN7/1fxIphWQPjHpTt7ElqT7eVf8e4A=
github.com/russross/blackfriday/v2 v2.1.0 h1:JIOH55/0cWyOuilr9/qlrm0BSXldqnqwMsf35Ld67mk=
github.com/russross/blackfriday/v2 v2.1.0/go.mod h1:+Rmxgy9KzJVeS9/2gXHxylqXiyQDYRxCVz55jmeOWTM=
github.com/santhosh-tekuri/jsonschema/v6 v6.0.2 h1:KRzFb2m7YtdldCEkzs6KqmJw4nqEVZGK7IN2kJkjTuQ=
github.com/santhosh-tekuri/jsonschema/v6 v6.0.2/go.mod h1:JXeL+ps8p7/KNMjDQk3TCwPpBy0wYklyWTfbkIzdIFU=
github.com/secure-systems-lab/go-securesystemslib v0.11.0 h1:iuCR9kcMFD4QurdKrGvPLoKZLv9YvwPYVr0473BdtFs=
github.com/secure-systems-lab/go-securesystemslib v0.11.0/go.mod h1:+PMOTjUGwHj2vcZ+TFKlb1tXRbrdWE1LYDT5i9JC80Q=
github.com/sergi/go-diff v1.0.0/go.mod h1:0CfEIISq7TuYL3j771MWULgwwjU+GofnZX9QAmXWZgo=
github.com/sigstore/fulcio v1.8.6 h1:vkvRpdhVAZjZHa0ltiJeLSILG9U8ADJoe5Z+RdZSLJk=
github.com/sigstore/fulcio v1.8.6/go.mod h1:7RwoGdMM0xpc9qc382sjSw7P9OLKbKIwQZXvYz4JPb4=
github.com/sigstore/protobuf-specs v0.5.1 h1:/5OPaNuolRJmQfeZLayJGFXMpsRJEdgC6ah1/+7Px7U=
github.com/sigstore/protobuf-specs v0.5.1/go.mod h1:DRBzpFuE+LnvQMN10/dU6nBeKwVLGEQ6o2FovN2Rats=
github.com/sigstore/sigstore v1.10.4 h1:ytOmxMgLdcUed3w1SbbZOgcxqwMG61lh1TmZLN+WeZE=
github.com/sigstore/sigstore v1.10.4/go.mod h1:tDiyrdOref3q6qJxm2G+JHghqfmvifB7hw+EReAfnbI=
github.com/sirupsen/logrus v1.10.2 h1:G2SED73/qrAu6YwbdxOD6peLkCBI3z7L+ykJFTXJBBo=
github.com/sirupsen/logrus v1.10.2/go.mod h1:SLEg8TqYulVKKfIGHldVp2K2aYz2DKSVBq4g/H5bR7Q=
github.com/smallstep/pkcs7 v0.2.1 h1:6Kfzr/QizdIuB6LSv8y1LJdZ3aPSfTNhTLqAx9CTLfA=
github.com/smallstep/pkcs7 v0.2.1/go.mod h1:RcXHsMfL+BzH8tRhmrF1NkkpebKpq3JEM66cOFxanf0=
github.com/smarty/assertions v1.15.0 h1:cR//PqUBUiQRakZWqBiFFQ9wb8emQGDb0HeGdqGByCY=
github.com/smarty/assertions v1.15.0/go.mod h1:yABtdzeQs6l1brC900WlRNwj6ZR55d7B+E8C6HtKdec=
github.com/smartystreets/assertions v1.0.0/go.mod h1:kHHU4qYBaI3q23Pp3VPrmWhuIUrLW/7eUrw0BU5VaoM=
github.com/smartystreets/go-aws-auth v0.0.0-20180515143844-0c1422d1fdb9/go.mod h1:SnhjPscd9TpLiy1LpzGSKh3bXCfxxXuqd9xmQJy3slM=
github.com/smartystreets/goconvey v1.8.1 h1:qGjIddxOk4grTu9JPOU31tVfq3cNdBlNa5sSznIX1xY=
github.com/smartystreets/goconvey v1.8.1/go.mod h1:+/u4qLyY6x1jReYOp7GOM2FSt8aP9CzCZL03bI28W60=
github.com/smartystreets/gunit v1.0.0/go.mod h1:qwPWnhz6pn0NnRBP++URONOVyNkPyr4SauJk4cUOwJs=
github.com/stefanberger/go-pkcs11uri v0.0.0-20230803200340-78284954bff6 h1:pnnLyeX7o/5aX8qUQ69P/mLojDqwda8hFOCBTmP/6hw=
github.com/stefanberger/go-pkcs11uri v0.0.0-20230803200340-78284954bff6/go.mod h1:39R/xuhNgVhi+K0/zst4TLrJrVmbm6LVgl4A0+ZFS5M=
github.com/stretchr/objx v0.1.0/go.mod h1:HFkY916IF+rwdDfMAkV7OtwuqBVzrE8GR6GFx+wExME=
github.com/stretchr/objx v0.4.0/go.mod h1:YvHI0jy2hoMjB+UWwv71VJQ9isScKT/TqJzVSSt89Yw=
github.com/stretchr/objx v0.5.0/go.mod h1:Yh+to48EsGEfYuaHDzXPcE3xhTkx73EhmCGUpEOglKo=
github.com/stretchr/objx v0.5.2/go.mod h1:FRsXN1f5AsAjCGJKqEizvkpNtU+EGNCLh3NxZ/8L+MA=
github.com/stretchr/testify v1.3.0/go.mod h1:M5WIy9Dh21IEIfnGCwXGc5bZfKNJtfHm1UVUgZn+9EI=
github.com/stretchr/testify v1.6.1/go.mod h1:6Fq8oRcR53rry900zMqJjRRixrwX3KX962/h/Wwjteg=
github.com/stretchr/testify v1.7.1/go.mod h1:6Fq8oRcR53rry900zMqJjRRixrwX3KX962/h/Wwjteg=
github.com/stretchr/testify v1.8.0/go.mod h1:yNjHg4UonilssWZ8iaSj1OCr/vHnekPRkoO+kdMU+MU=
github.com/stretchr/testify v1.8.4/go.mod h1:sz/lmYIOXD/1dqDmKjjqLyZ2RngseejIcXlSw2iwfAo=
github.com/stretchr/testify v1.10.0/go.mod h1:r2ic/lqez/lEtzL7wO/rwa5dbSLXVDPFyf8C91i36aY=
github.com/stretchr/testify v1.12.1 h1:EuwCh5fleGS7H32xRwO3wRGT7DxrDhLAT6FF8MpWDWE=
github.com/stretchr/testify v1.12.1/go.mod h1:MDEgiDPPsNp5cuIrHPPCyornHKgEVbtFUmoNlxoYthg=
github.com/tchap/go-patricia/v2 v2.3.3 h1:xfNEsODumaEcCcY3gI0hYPZ/PcpVv5ju6RMAhgwZDDc=
github.com/tchap/go-patricia/v2 v2.3.3/go.mod h1:VZRHKAb53DLaG+nA9EaYYiaEx6YztwDlLElMsnSHD4k=
github.com/tj/assert v0.0.0-20171129193455-018094318fb0/go.mod h1:mZ9/Rh9oLWpLLDRpvE+3b7gP/C2YyLFYxNmcLnPTMe0=
github.com/tj/assert v0.0.3 h1:Df/BlaZ20mq6kuai7f5z2TvPFiwC3xaWJSDQNiIS3Rk=
github.com/tj/assert v0.0.3/go.mod h1:Ne6X72Q+TB1AteidzQncjw9PabbMp4PBMZ1k+vd1Pvk=
github.com/tj/go-buffer v1.1.0/go.mod h1:iyiJpfFcR2B9sXu7KvjbT9fpM4mOelRSDTbntVj52Uc=
github.com/tj/go-elastic v0.0.0-20171221160941-36157cbbebc2/go.mod h1:WjeM0Oo1eNAjXGDx2yma7uG2XoyRZTq1uv3M/o7imD0=
github.com/tj/go-kinesis v0.0.0-20171128231115-08b17f58cb1b/go.mod h1:/yhzCV0xPfx6jb1bBgRFjl5lytqVqZXEaeqWP8lTEao=
github.com/tj/go-spin v1.1.0/go.mod h1:Mg1mzmePZm4dva8Qz60H2lHwmJ2loum4VIrLgVnKwh4=
github.com/twmb/algoimpl v0.0.0-20170717182524-076353e90b94 h1:RVeQNVS7eoXqFemL1LnyzV7yuijHlBtiq6lH5T/mljw=
github.com/twmb/algoimpl v0.0.0-20170717182524-076353e90b94/go.mod h1:+E0GZE9c8UBk2GYXo9mPIHAtmmBkJlSWCdzLMcsCWV0=
github.com/udhos/equalfile v0.3.0 h1:KhG4xhhkittrgIV/ekHtpEPh7MLxtbjm6kLEwp5Dlbg=
github.com/udhos/equalfile v0.3.0/go.mod h1:1LOX9HjdFMke7ryP3IPby09FkswyY5KzhhsT37wLz/Y=
github.com/ulikunitz/xz v0.5.15 h1:9DNdB5s+SgV3bQ2ApL10xRc35ck0DuIX/isZvIk+ubY=
github.com/ulikunitz/xz v0.5.15/go.mod h1:nbz6k7qbPmH4IRqmfOplQw/tblSgqTqBwxkY0oWt/14=
github.com/urfave/cli v1.22.17 h1:SYzXoiPfQjHBbkYxbew5prZHS1TOLT3ierW8SYLqtVQ=
github.com/urfave/cli v1.22.17/go.mod h1:b0ht0aqgH/6pBYzzxURyrM4xXNgsoT/n2ZzwQiEhNVo=
github.com/urfave/cli/v2 v2.27.7 h1:bH59vdhbjLv3LAvIu6gd0usJHgoTTPhCFib8qqOwXYU=
github.com/urfave/cli/v2 v2.27.7/go.mod h1:CyNAG/xg+iAOg0N4MPGZqVmv2rCoP267496AOXUZjA4=
github.com/vbatts/go-mtree v0.5.4 h1:OMAb8jaCyiFA7zXj0Zc/oARcxBDBoeu2LizjB8BVJl0=
github.com/vbatts/go-mtree v0.5.4/go.mod h1:5GqJbVhm9BBiCc4K5uc/c42FPgXulHaQs4sFUEfIWMo=
github.com/vbatts/tar-split v0.12.3 h1:Cd46rkGXI3Td4yrVNwU8ripbxFaQbmesqhjBUUYAJSw=
github.com/vbatts/tar-split v0.12.3/go.mod h1:sQOc6OlqGCr7HkGx/IDBeKiTIvqhmj8KffNhEXG4Nq0=
github.com/vbauerster/cupwriter v0.0.4 h1:9sBPe0uXWLZuWQU5lqVbhyFlxX6c09asST/YfatFAys=
github.com/vbauerster/cupwriter v0.0.4/go.mod h1:IFyzS6Xis5dnBH/rdAhrnuzg3c+KkUqEN6yE8lhJlDw=
github.com/vbauerster/mpb/v8 v8.14.0 h1:55SR80dptMfASxIG/oCEkBXgBhxeSu4GrVsjl16oKmA=
github.com/vbauerster/mpb/v8 v8.14.0/go.mod h1:HgpQPKfcWe3kbuGGPmi+jatHreMase5C3Fp5dpdAy0Q=
github.com/xrash/smetrics v0.0.0-20250705151800-55b8f293f342 h1:FnBeRrxr7OU4VvAzt5X7s6266i6cSVkkFPS0TuXWbIg=
github.com/xrash/smetrics v0.0.0-20250705151800-55b8f293f342/go.mod h1:Ohn+xnUBiLI6FVj/9LpzZWtj1/D6lUovWYBkxHVV3aM=
github.com/yuin/goldmark v1.4.13/go.mod h1:6yULJ656Px+3vBD8DxQVa3kxgyrAnzto9xy5taEt/CY=
go.opentelemetry.io/auto/sdk v1.2.1 h1:jXsnJ4Lmnqd11kwkBV2LgLoFMZKizbCi5fNZ/ipaZ64=
go.opentelemetry.io/auto/sdk v1.2.1/go.mod h1:KRTj+aOaElaLi+wW1kO/DZRXwkF4C5xPbEe3ZiIhN7Y=
go.opentelemetry.io/contrib/instrumentation/net/http/otelhttp v0.69.0 h1:8tvICD4vSTOOsNrsI4Ljf6C+6UKvpTEH5XY3JMoyPoo=
go.opentelemetry.io/contrib/instrumentation/net/http/otelhttp v0.69.0/go.mod h1:z9+yiacE0IHRqM4qFfkbt/JYlmYXgss8GY/jXoNuPJI=
go.opentelemetry.io/otel v1.46.0 h1:FHt5/CDyVxi/8IM1CH7VE/rRgq3kLHa2mSTVMO8AWyc=
go.opentelemetry.io/otel v1.46.0/go.mod h1:Gj3SEScelsNC45tp4nSxRYlS+f5iez7W8XPMCt905kE=
go.opentelemetry.io/otel/metric v1.46.0 h1:yBnkXvgV7AXFILZc5K6IZe/CBFF3OS7BJ8ov6/lj0K8=
go.opentelemetry.io/otel/metric v1.46.0/go.mod h1:iPmdWqifKUdzziPkvvzIJXITl56fQx2mGM/DHLB3/2o=
go.opentelemetry.io/otel/sdk v1.44.0 h1:nHYwb9lK+fJPU/dnT6s7W7Z8itMWyqrnVfbheVYrZ58=
go.opentelemetry.io/otel/sdk v1.44.0/go.mod h1:Osuydd3Se74nqjAKxid74N5eC+jfEqfTegHRnq58oK0=
go.opentelemetry.io/otel/sdk/metric v1.44.0 h1:3LlKgI+VjbVsjNRFZJZAJ30WjXC5VkNRks6si09iEfI=
go.opentelemetry.io/otel/sdk/metric v1.44.0/go.mod h1:5B5pMARnXxKhltooO4xUuCBorl65a4EpnTalObqOigA=
go.opentelemetry.io/otel/trace v1.46.0 h1:OULy7ccdJnZtJ0UDYFOIGaCmiWzJ8Vi2G/Rsu60qs1c=
go.opentelemetry.io/otel/trace v1.46.0/go.mod h1:J7GAXweO77XSFkB/rmAqk9D6ihszhFjLU+d9WuUxDLI=
go.podman.io/image/v5 v5.41.1 h1:iPrhIt7/aNfRBMuzoxbMUVpQmR7Q75ahnrzkIC4JWLQ=
go.podman.io/image/v5 v5.41.1/go.mod h1:wfgAlfczPK4ZZw/wn/Av2iJfb3z9Vv+RKWgjHNShzZk=
go.podman.io/storage v1.64.0 h1:ryHCZO+Zl0ZG7OTHF+Qc4C0zLNuoe9W35zgE7mh2pYw=
go.podman.io/storage v1.64.0/go.mod h1:ft0DzCRMZs1yn0rszmLYXEEwgd7IIc66JRwSRPUDwwc=
go.yaml.in/yaml/v2 v2.4.4 h1:tuyd0P+2Ont/d6e2rl3be67goVK4R6deVxCUX5vyPaQ=
go.yaml.in/yaml/v2 v2.4.4/go.mod h1:gMZqIpDtDqOfM0uNfy0SkpRhvUryYH0Z6wdMYcacYXQ=
go.yaml.in/yaml/v3 v3.0.5 h1:N6y/pJk8buWs9NY5ERU2HSMfm+IuD/OtfdAnq6kESPw=
go.yaml.in/yaml/v3 v3.0.5/go.mod h1:HVTZu1O7/Vkt2N+BFy8Zza+lnLsABggaTM2ZpNIGuKg=
go.yaml.in/yaml/v4 v4.0.0-rc.6 h1:1h7H1ohdUh93/FyE4YaDa1Zh64K6VVbjF4K6WUxMtH4=
go.yaml.in/yaml/v4 v4.0.0-rc.6/go.mod h1:aZqd9kCMsGL7AuUv/m/PvWLdg5sjJsZ4oHDEnfPPfY0=
golang.org/x/crypto v0.52.0 h1:RMs7fP2rXdep0CftQlK8Uf+kibLm7qkCcradZWYz988=
golang.org/x/crypto v0.52.0/go.mod h1:1QgfPxDqh0T2M/elOJtp9RvuR95kVjir0e6/BvEmGbc=
golang.org/x/mod v0.6.0-dev.0.20220419223038-86c51ed26bb4/go.mod h1:jJ57K6gSWd91VN4djpZkiMVwK6gcyfeH4XE8wZrZaV4=
golang.org/x/mod v0.12.0/go.mod h1:iBbtSCu2XBx23ZKBPSOrRkjjQPZFPuis4dIYUhu/chs=
golang.org/x/mod v0.17.0/go.mod h1:hTbmBsO62+eylJbnUtE2MGJUyE7QWk4xUqPFrRgJ+7c=
golang.org/x/mod v0.25.0/go.mod h1:IXM97Txy2VM4PJ3gI61r1YEk/gAj6zAHN3AdZt6S9Ww=
golang.org/x/mod v0.26.0/go.mod h1:/j6NAhSk8iQ723BGAUyoAcn7SlD7s15Dp9Nd/SfeaFQ=
golang.org/x/mod v0.27.0/go.mod h1:rWI627Fq0DEoudcK+MBkNkCe0EetEaDSwJJkCcjpazc=
golang.org/x/mod v0.28.0/go.mod h1:yfB/L0NOf/kmEbXjzCPOx1iK1fRutOydrCMsqRhEBxI=
golang.org/x/mod v0.29.0/go.mod h1:NyhrlYXJ2H4eJiRy/WDBO6HMqZQ6q9nk4JzS3NuCK+w=
golang.org/x/mod v0.30.0/go.mod h1:lAsf5O2EvJeSFMiBxXDki7sCgAxEUcZHXoXMKT4GJKc=
golang.org/x/mod v0.31.0/go.mod h1:43JraMp9cGx1Rx3AqioxrbrhNsLl2l/iNAvuBkrezpg=
golang.org/x/mod v0.32.0/go.mod h1:SgipZ/3h2Ci89DlEtEXWUk/HteuRin+HHhN+WbNhguU=
golang.org/x/mod v0.33.0/go.mod h1:swjeQEj+6r7fODbD2cqrnje9PnziFuw4bmLbBZFrQ5w=
golang.org/x/mod v0.34.0/go.mod h1:ykgH52iCZe79kzLLMhyCUzhMci+nQj+0XkbXpNYtVjY=
golang.org/x/mod v0.35.0/go.mod h1:+GwiRhIInF8wPm+4AoT6L0FA1QWAad3OMdTRx4tFYlU=
golang.org/x/mod v0.36.0/go.mod h1:moc6ELqsWcOw5Ef3xVprK5ul/MvtVvkIXLziUOICjUQ=
golang.org/x/mod v0.37.0/go.mod h1:m8S8VeM9r4dzDwjrKO0a1sZP3YjeMamRRlD+fmR2Q/0=
golang.org/x/net v0.55.0 h1:bcvxaJn3e1U6InsFWt1JUq1aSjnRxLzT2rtD2KfkDF8=
golang.org/x/net v0.55.0/go.mod h1:L5U2KuzuOe1lY7Z+aWVIKK6qEeJXnXV9yzGA+WCHJww=
golang.org/x/sync v0.0.0-20180314180146-1d60e4601c6f/go.mod h1:RxMgew5VJxzue5/jJTE5uejpjVlOe/izrB70Jof72aM=
golang.org/x/sync v0.0.0-20190423024810-112230192c58/go.mod h1:RxMgew5VJxzue5/jJTE5uejpjVlOe/izrB70Jof72aM=
golang.org/x/sync v0.0.0-20220722155255-886fb9371eb4/go.mod h1:RxMgew5VJxzue5/jJTE5uejpjVlOe/izrB70Jof72aM=
golang.org/x/sync v0.3.0/go.mod h1:FU7BRWz2tNW+3quACPkgCx/L+uEAv1htQ0V83Z9Rj+Y=
golang.org/x/sync v0.7.0/go.mod h1:Czt+wKu1gCyEFDUtn0jG5QVvpJ6rzVqr5aXyt9drQfk=
golang.org/x/sync v0.15.0/go.mod h1:1dzgHSNfp02xaA81J2MS99Qcpr2w7fw1gpm99rleRqA=
golang.org/x/sync v0.16.0/go.mod h1:1dzgHSNfp02xaA81J2MS99Qcpr2w7fw1gpm99rleRqA=
golang.org/x/sync v0.17.0/go.mod h1:9KTHXmSnoGruLpwFjVSX0lNNA75CykiMECbovNTZqGI=
golang.org/x/sync v0.18.0/go.mod h1:9KTHXmSnoGruLpwFjVSX0lNNA75CykiMECbovNTZqGI=
golang.org/x/sync v0.19.0/go.mod h1:9KTHXmSnoGruLpwFjVSX0lNNA75CykiMECbovNTZqGI=
golang.org/x/sync v0.20.0/go.mod h1:9xrNwdLfx4jkKbNva9FpL6vEN7evnE43NNNJQ2LF3+0=
golang.org/x/sync v0.21.0/go.mod h1:9xrNwdLfx4jkKbNva9FpL6vEN7evnE43NNNJQ2LF3+0=
golang.org/x/sync v0.22.0 h1:SZjpbeLmrCk4xhRSZFNZW5gFUeCeFgjekvI/+gfScek=
golang.org/x/sync v0.22.0/go.mod h1:9xrNwdLfx4jkKbNva9FpL6vEN7evnE43NNNJQ2LF3+0=
golang.org/x/sys v0.0.0-20180909124046-d0be0721c37e/go.mod h1:STP8DvDyc/dI5b8T5hshtkjS+E42TnysNCUPdjciGhY=
golang.org/x/sys v0.0.0-20190222072716-a9d3bda3a223/go.mod h1:STP8DvDyc/dI5b8T5hshtkjS+E42TnysNCUPdjciGhY=
golang.org/x/sys v0.0.0-20220408201424-a24fb2fb8a0f/go.mod h1:oPkhp1MJrh7nUepCBck5+mAzfO9JrbApNNgaTdGDITg=
golang.org/x/sys v0.0.0-20220722155257-8c9f86f7a55f/go.mod h1:oPkhp1MJrh7nUepCBck5+mAzfO9JrbApNNgaTdGDITg=
golang.org/x/sys v0.12.0/go.mod h1:oPkhp1MJrh7nUepCBck5+mAzfO9JrbApNNgaTdGDITg=
golang.org/x/sys v0.20.0/go.mod h1:/VUhepiaJMQUp4+oa/7Zr1D23ma6VTLIYjOOTFZPUcA=
golang.org/x/sys v0.33.0/go.mod h1:BJP2sWEmIv4KK5OTEluFJCKSidICx8ciO85XgH3Ak8k=
golang.org/x/sys v0.34.0/go.mod h1:BJP2sWEmIv4KK5OTEluFJCKSidICx8ciO85XgH3Ak8k=
golang.org/x/sys v0.35.0/go.mod h1:BJP2sWEmIv4KK5OTEluFJCKSidICx8ciO85XgH3Ak8k=
golang.org/x/sys v0.36.0/go.mod h1:OgkHotnGiDImocRcuBABYBEXf8A9a87e/uXjp9XT3ks=
golang.org/x/sys v0.37.0/go.mod h1:OgkHotnGiDImocRcuBABYBEXf8A9a87e/uXjp9XT3ks=
golang.org/x/sys v0.38.0/go.mod h1:OgkHotnGiDImocRcuBABYBEXf8A9a87e/uXjp9XT3ks=
golang.org/x/sys v0.39.0/go.mod h1:OgkHotnGiDImocRcuBABYBEXf8A9a87e/uXjp9XT3ks=
golang.org/x/sys v0.40.0/go.mod h1:OgkHotnGiDImocRcuBABYBEXf8A9a87e/uXjp9XT3ks=
golang.org/x/sys v0.41.0/go.mod h1:OgkHotnGiDImocRcuBABYBEXf8A9a87e/uXjp9XT3ks=
golang.org/x/sys v0.42.0/go.mod h1:4GL1E5IUh+htKOUEOaiffhrAeqysfVGipDYzABqnCmw=
golang.org/x/sys v0.43.0/go.mod h1:4GL1E5IUh+htKOUEOaiffhrAeqysfVGipDYzABqnCmw=
golang.org/x/sys v0.44.0/go.mod h1:4GL1E5IUh+htKOUEOaiffhrAeqysfVGipDYzABqnCmw=
golang.org/x/sys v0.45.0/go.mod h1:4GL1E5IUh+htKOUEOaiffhrAeqysfVGipDYzABqnCmw=
golang.org/x/sys v0.46.0/go.mod h1:4GL1E5IUh+htKOUEOaiffhrAeqysfVGipDYzABqnCmw=
golang.org/x/sys v0.47.0 h1:o7XGOvZQCADBQQ4Y7VNq2dRWQR7JmOUW8Kxx4ZsNgWs=
golang.org/x/sys v0.47.0/go.mod h1:4GL1E5IUh+htKOUEOaiffhrAeqysfVGipDYzABqnCmw=
golang.org/x/telemetry v0.0.0-20240521205824-bda55230c457/go.mod h1:pRgIJT+bRLFKnoM1ldnzKoxTIn14Yxz928LQRYYgIN0=
golang.org/x/telemetry v0.0.0-20250710130107-8d8967aff50b/go.mod h1:4ZwOYna0/zsOKwuR5X/m0QFOJpSZvAxFfkQT+Erd9D4=
golang.org/x/telemetry v0.0.0-20250807160809-1a19826ec488/go.mod h1:fGb/2+tgXXjhjHsTNdVEEMZNWA0quBnfrO+AfoDSAKw=
golang.org/x/telemetry v0.0.0-20250908211612-aef8a434d053/go.mod h1:+nZKN+XVh4LCiA9DV3ywrzN4gumyCnKjau3NGb9SGoE=
golang.org/x/telemetry v0.0.0-20251008203120-078029d740a8/go.mod h1:Pi4ztBfryZoJEkyFTI5/Ocsu2jXyDr6iSdgJiYE/uwE=
golang.org/x/telemetry v0.0.0-20251111182119-bc8e575c7b54/go.mod h1:hKdjCMrbv9skySur+Nek8Hd0uJ0GuxJIoIX2payrIdQ=
golang.org/x/telemetry v0.0.0-20251203150158-8fff8a5912fc/go.mod h1:hKdjCMrbv9skySur+Nek8Hd0uJ0GuxJIoIX2payrIdQ=
golang.org/x/telemetry v0.0.0-20260109210033-bd525da824e2/go.mod h1:b7fPSJ0pKZ3ccUh8gnTONJxhn3c/PS6tyzQvyqw4iA8=
golang.org/x/telemetry v0.0.0-20260209163413-e7419c687ee4/go.mod h1:g5NllXBEermZrmR51cJDQxmJUHUOfRAaNyWBM+R+548=
golang.org/x/telemetry v0.0.0-20260311193753-579e4da9a98c/go.mod h1:TpUTTEp9frx7rTdLpC9gFG9kdI7zVLFTFFlqaH2Cncw=
golang.org/x/telemetry v0.0.0-20260409153401-be6f6cb8b1fa/go.mod h1:kHjTxDEnAu6/Nl9lDkzjWpR+bmKfxeiRuSDlsMb70gE=
golang.org/x/telemetry v0.0.0-20260508192327-42602be52be6/go.mod h1:Eqhaxk/wZsWEH8CRxLwj6xzEJbz7k1EFGqx7nyCoabE=
golang.org/x/telemetry v0.0.0-20260625142307-59b4966ccb57/go.mod h1:3AWMyWHS+caVoiEXpiq6+tzKA40J4vQT3MYr80ZtQpc=
golang.org/x/term v0.43.0/go.mod h1:lrhlHNdQJHO+1qVYiHfFKVuVioJIheAc3fBSMFYEIsk=
golang.org/x/term v0.45.0 h1:NwWyBmoJCbfTHpxrWoZ9C6/VxOf7ic219I8xZZFdrf0=
golang.org/x/term v0.45.0/go.mod h1:9aqxs0blBcrm/n0L9QW0aRVD+ktan8ssZromtqJC43w=
golang.org/x/text v0.39.0 h1:UbZz4pLOvn600D6Oh6GGEI6VAmndrEBLv8/6BEXzyus=
golang.org/x/text v0.39.0/go.mod h1:3UwRclnC2g0TU9x8PZiyfOajCd1zaUNHF9cvqcQZ+ZM=
golang.org/x/tools v0.0.0-20191119224855-298f0cb1881e/go.mod h1:b+2E5dAYhXwXZwtnZ6UAqBI28+e2cm9otk0dWdXHAEo=
golang.org/x/tools v0.1.12/go.mod h1:hNGJHUnrk76NpqgfD5Aqm5Crs+Hm0VOH/i9J2+nxYbc=
golang.org/x/tools v0.13.0/go.mod h1:HvlwmtVNQAhOuCjW7xxvovg8wbNq7LwfXh/k7wXUl58=
golang.org/x/tools v0.34.0/go.mod h1:pAP9OwEaY1CAW3HOmg3hLZC5Z0CCmzjAF2UQMSqNARg=
golang.org/x/tools v0.35.0/go.mod h1:NKdj5HkL/73byiZSJjqJgKn3ep7KjFkBOkR/Hps3VPw=
golang.org/x/tools v0.36.0/go.mod h1:WBDiHKJK8YgLHlcQPYQzNCkUxUypCaa5ZegCVutKm+s=
golang.org/x/tools v0.37.0/go.mod h1:MBN5QPQtLMHVdvsbtarmTNukZDdgwdwlO5qGacAzF0w=
golang.org/x/tools v0.38.0/go.mod h1:yEsQ/d/YK8cjh0L6rZlY8tgtlKiBNTL14pGDJPJpYQs=
golang.org/x/tools v0.39.0/go.mod h1:JnefbkDPyD8UU2kI5fuf8ZX4/yUeh9W877ZeBONxUqQ=
golang.org/x/tools v0.40.0/go.mod h1:Ik/tzLRlbscWpqqMRjyWYDisX8bG13FrdXp3o4Sr9lc=
golang.org/x/tools v0.41.0/go.mod h1:XSY6eDqxVNiYgezAVqqCeihT4j1U2CCsqvH3WhQpnlg=
golang.org/x/tools v0.42.0/go.mod h1:Ma6lCIwGZvHK6XtgbswSoWroEkhugApmsXyrUmBhfr0=
golang.org/x/tools v0.43.0/go.mod h1:uHkMso649BX2cZK6+RpuIPXS3ho2hZo4FVwfoy1vIk0=
golang.org/x/tools v0.44.0/go.mod h1:KA0AfVErSdxRZIsOVipbv3rQhVXTnlU6UhKxHd1seDI=
golang.org/x/tools v0.45.0/go.mod h1:LuUGqqaXcXMEFEruIVJVm5mgDD8vww/z/SR1gQ4uE/0=
golang.org/x/tools v0.47.0/go.mod h1:dFHnyTvFWY212G+h7ZY4Vsp/K3U4/7W9TyVaAul8uCA=
golang.org/x/xerrors v0.0.0-20190717185122-a985d3407aa7/go.mod h1:I/5z698sn9Ka8TeJc9MKroUUfqBBauWjQqLJ2OPfmY0=
golang.org/x/xerrors v0.0.0-20191204190536-9bdfabe68543/go.mod h1:I/5z698sn9Ka8TeJc9MKroUUfqBBauWjQqLJ2OPfmY0=
gonum.org/v1/gonum v0.17.0 h1:VbpOemQlsSMrYmn7T2OUvQ4dqxQXU+ouZFQsZOx50z4=
gonum.org/v1/gonum v0.17.0/go.mod h1:El3tOrEuMpv2UdMrbNlKEh9vd86bmQ6vqIcDwxEOc1E=
google.golang.org/genproto/googleapis/api v0.0.0-20260526163538-3dc84a4a5aaa h1:Kjn0N0tCrDgiAFW+lGO4JZ3ck44CehvJQMAwj9QF0G8=
google.golang.org/genproto/googleapis/api v0.0.0-20260526163538-3dc84a4a5aaa/go.mod h1:q4lMZS6kskjT5HvCPrnnypcDPVJqT/f4nfxmkE7gryY=
google.golang.org/genproto/googleapis/rpc v0.0.0-20260825221802-da73d73af1c5 h1:1VUiZAXyC+zmiFYi+WLtBzr68Cj8wOofHjjrA/kkizc=
google.golang.org/genproto/googleapis/rpc v0.0.0-20260825221802-da73d73af1c5/go.mod h1:DjtHYE8FKJLivXcBEjGwndXfIC23G0VpXiXKqG179uA=
google.golang.org/grpc v1.83.2 h1:EManeRomTObA0BU7I8vXgg/78uE5MJ9M8B39EX2WscU=
google.golang.org/grpc v1.83.2/go.mod h1:YPI1hK3kDked6iHvgX3tR0y+nX/qpMFKhPgFsokw1S8=
google.golang.org/protobuf v1.26.0-rc.1/go.mod h1:jlhhOSvTdKEhbULTjvd4ARK9grFBp09yW+WbY/TyQbw=
google.golang.org/protobuf v1.27.1/go.mod h1:9q0QmTI4eRPtz6boOQmLYwt+qCgq0jsYwAQnmE0givc=
google.golang.org/protobuf v1.36.12 h1:pJOKDDOyeXErUroCihFAd5LQuwXBSpVnKGrj5o/fwxc=
google.golang.org/protobuf v1.36.12/go.mod h1:HTf+CrKn2C3g5S8VImy6tdcUvCska2kB7j23XfzDpco=
gopkg.in/check.v1 v0.0.0-20161208181325-20d25e280405/go.mod h1:Co6ibVJAznAaIkqp8huTwlJQCZ016jof/cbN4VW5Yz0=
gopkg.in/check.v1 v1.0.0-20190902080502-41f04d3bba15/go.mod h1:Co6ibVJAznAaIkqp8huTwlJQCZ016jof/cbN4VW5Yz0=
gopkg.in/check.v1 v1.0.0-20201130134442-10cb98267c6c h1:Hei/4ADfdWqJk1ZMxUNpqntNwaWcugrBjAiHlqqRiVk=
gopkg.in/check.v1 v1.0.0-20201130134442-10cb98267c6c/go.mod h1:JHkPIbrfpd72SG/EVd6muEfDQjcINNoR0C8j2r3qZ4Q=
gopkg.in/fsnotify.v1 v1.4.7/go.mod h1:Tz8NjZHkW78fSQdbUxIjBTcgA1z1m8ZHf0WmKUhAMys=
gopkg.in/tomb.v1 v1.0.0-20141024135613-dd632973f1e7/go.mod h1:dt/ZhP58zS4L8KSrWDmTeBkI65Dw0HsyUHuEVlX15mw=
gopkg.in/yaml.v2 v2.2.1/go.mod h1:hI93XBmqTisBFMUTm0b8Fm+jr3Dg1NNxqwp+5A1VGuI=
gopkg.in/yaml.v2 v2.2.2/go.mod h1:hI93XBmqTisBFMUTm0b8Fm+jr3Dg1NNxqwp+5A1VGuI=
gopkg.in/yaml.v2 v2.4.0 h1:D8xgwECY7CYvx+Y2n4sBz93Jn9JRvxdiyyo8CTfuKaY=
gopkg.in/yaml.v2 v2.4.0/go.mod h1:RDklbk79AGWmwhnvt/jBztapEOGDOx6ZbXqjP6csGnQ=
gopkg.in/yaml.v3 v3.0.0-20200313102051-9f266ea9e77c/go.mod h1:K4uyk7z7BCEPqu6E+C64Yfv1cQ7kz7rIZviUmN+EgEM=
gopkg.in/yaml.v3 v3.0.0-20200605160147-a5ece683394c/go.mod h1:K4uyk7z7BCEPqu6E+C64Yfv1cQ7kz7rIZviUmN+EgEM=
gopkg.in/yaml.v3 v3.0.1/go.mod h1:K4uyk7z7BCEPqu6E+C64Yfv1cQ7kz7rIZviUmN+EgEM=
gotest.tools/v3 v3.5.2 h1:7koQfIKdy+I8UTetycgUqXWSDwpgv193Ka+qRsmBY8Q=
gotest.tools/v3 v3.5.2/go.mod h1:LtdLGcnqToBH83WByAAi/wiwSFCArdFIUV/xxN4pcjA=
machinerun.io/atomfs v1.2.1 h1:QIbZ1IGUVNlrogfbHZMjLEXPq+GWGfbIBJ0QEyPwNbU=
machinerun.io/atomfs v1.2.1/go.mod h1:jrGbuGXiCPi4LFoMvcPRnqPGlxe3pW8UtLEnhUcGRmI=
pgregory.net/rapid v1.2.0 h1:keKAYRcjm+e1F0oAuU5F5+YPAWcyxNNRK2wud503Gnk=
pgregory.net/rapid v1.2.0/go.mod h1:PY5XlDGj0+V1FCq0o192FdRhpKHGTRIWBgqjDBTrq04=
sigs.k8s.io/yaml v1.6.0 h1:G8fkbMSAFqgEFgh4b1wmtzDnioxFCUgTZhlbj5P9QYs=
sigs.k8s.io/yaml v1.6.0/go.mod h1:796bPqUfzR/0jLAl6XjHl3Ck7MiyVv8dbTdyT3/pMf4=
